
Microsoft Visual Studio Solution File, Format Version 12.00
Project("{FAE04EC0-301F-11D3-BF4B-00C04F79EFBC}") = "Domain", "src\Core\Domain\Domain.csproj", "{5EAA6B98-8D6F-4819-A9DA-B0D03BEDEA61}"
EndProject
Project("{FAE04EC0-301F-11D3-BF4B-00C04F79EFBC}") = "Application", "src\Core\Application\Application.csproj", "{CCB9902D-1E30-4097-8E32-5BB84284F58E}"
EndProject
Project("{FAE04EC0-301F-11D3-BF4B-00C04F79EFBC}") = "Infrastructure", "src\External\Infrastructure\Infrastructure.csproj", "{ED9196F8-3B69-4A3B-9D06-87B6579545A1}"
EndProject
Project("{FAE04EC0-301F-11D3-BF4B-00C04F79EFBC}") = "Presentation", "src\External\Presentation\Presentation.csproj", "{48558544-BA0B-4F78-9CB1-5B7939706994}"
EndProject
Project("{2150E333-8FDC-42A3-9474-1A3956D46DE8}") = "src", "src", "{C5D5164F-3E7C-4AFE-9F9E-EC74DCCFC369}"
EndProject
Project("{2150E333-8FDC-42A3-9474-1A3956D46DE8}") = "test", "test", "{728B92FC-94BC-4081-AE5C-D6317EB3E06E}"
EndProject
Project("{FAE04EC0-301F-11D3-BF4B-00C04F79EFBC}") = "UnitTests", "test\UnitTests\UnitTests.csproj", "{48BD8040-A780-4793-8DAD-78D2D1FA325F}"
EndProject
Project("{FAE04EC0-301F-11D3-BF4B-00C04F79EFBC}") = "IntegrationTests", "test\IntegrationTests\IntegrationTests.csproj", "{4A2BECD2-C86B-47C4-85C7-7CCF26ACE6F6}"
EndProject
Project("{2150E333-8FDC-42A3-9474-1A3956D46DE8}") = "Core", "Core", "{3FA2DCF8-3710-4588-8E67-5356AAEDC660}"
EndProject
Project("{2150E333-8FDC-42A3-9474-1A3956D46DE8}") = "External", "External", "{35D1B094-DCFD-49CE-9254-CF168224CC17}"
EndProject
Global
	GlobalSection(SolutionConfigurationPlatforms) = preSolution
		Debug|Any CPU = Debug|Any CPU
		Release|Any CPU = Release|Any CPU
	EndGlobalSection
	GlobalSection(ProjectConfigurationPlatforms) = postSolution
		{5EAA6B98-8D6F-4819-A9DA-B0D03BEDEA61}.Debug|Any CPU.ActiveCfg = Debug|Any CPU
		{5EAA6B98-8D6F-4819-A9DA-B0D03BEDEA61}.Debug|Any CPU.Build.0 = Debug|Any CPU
		{5EAA6B98-8D6F-4819-A9DA-B0D03BEDEA61}.Release|Any CPU.ActiveCfg = Release|Any CPU
		{5EAA6B98-8D6F-4819-A9DA-B0D03BEDEA61}.Release|Any CPU.Build.0 = Release|Any CPU
		{CCB9902D-1E30-4097-8E32-5BB84284F58E}.Debug|Any CPU.ActiveCfg = Debug|Any CPU
		{CCB9902D-1E30-4097-8E32-5BB84284F58E}.Debug|Any CPU.Build.0 = Debug|Any CPU
		{CCB9902D-1E30-4097-8E32-5BB84284F58E}.Release|Any CPU.ActiveCfg = Release|Any CPU
		{CCB9902D-1E30-4097-8E32-5BB84284F58E}.Release|Any CPU.Build.0 = Release|Any CPU
		{ED9196F8-3B69-4A3B-9D06-87B6579545A1}.Debug|Any CPU.ActiveCfg = Debug|Any CPU
		{ED9196F8-3B69-4A3B-9D06-87B6579545A1}.Debug|Any CPU.Build.0 = Debug|Any CPU
		{ED9196F8-3B69-4A3B-9D06-87B6579545A1}.Release|Any CPU.ActiveCfg = Release|Any CPU
		{ED9196F8-3B69-4A3B-9D06-87B6579545A1}.Release|Any CPU.Build.0 = Release|Any CPU
		{48558544-BA0B-4F78-9CB1-5B7939706994}.Debug|Any CPU.ActiveCfg = Debug|Any CPU
		{48558544-BA0B-4F78-9CB1-5B7939706994}.Debug|Any CPU.Build.0 = Debug|Any CPU
		{48558544-BA0B-4F78-9CB1-5B7939706994}.Release|Any CPU.ActiveCfg = Release|Any CPU
		{48558544-BA0B-4F78-9CB1-5B7939706994}.Release|Any CPU.Build.0 = Release|Any CPU
		{48BD8040-A780-4793-8DAD-78D2D1FA325F}.Debug|Any CPU.ActiveCfg = Debug|Any CPU
		{48BD8040-A780-4793-8DAD-78D2D1FA325F}.Debug|Any CPU.Build.0 = Debug|Any CPU
		{48BD8040-A780-4793-8DAD-78D2D1FA325F}.Release|Any CPU.ActiveCfg = Release|Any CPU
		{48BD8040-A780-4793-8DAD-78D2D1FA325F}.Release|Any CPU.Build.0 = Release|Any CPU
		{4A2BECD2-C86B-47C4-85C7-7CCF26ACE6F6}.Debug|Any CPU.ActiveCfg = Debug|Any CPU
		{4A2BECD2-C86B-47C4-85C7-7CCF26ACE6F6}.Debug|Any CPU.Build.0 = Debug|Any CPU
		{4A2BECD2-C86B-47C4-85C7-7CCF26ACE6F6}.Release|Any CPU.ActiveCfg = Release|Any CPU
		{4A2BECD2-C86B-47C4-85C7-7CCF26ACE6F6}.Release|Any CPU.Build.0 = Release|Any CPU
	EndGlobalSection
	GlobalSection(NestedProjects) = preSolution
		{48BD8040-A780-4793-8DAD-78D2D1FA325F} = {728B92FC-94BC-4081-AE5C-D6317EB3E06E}
		{4A2BECD2-C86B-47C4-85C7-7CCF26ACE6F6} = {728B92FC-94BC-4081-AE5C-D6317EB3E06E}
		{3FA2DCF8-3710-4588-8E67-5356AAEDC660} = {C5D5164F-3E7C-4AFE-9F9E-EC74DCCFC369}
		{35D1B094-DCFD-49CE-9254-CF168224CC17} = {C5D5164F-3E7C-4AFE-9F9E-EC74DCCFC369}
		{CCB9902D-1E30-4097-8E32-5BB84284F58E} = {3FA2DCF8-3710-4588-8E67-5356AAEDC660}
		{5EAA6B98-8D6F-4819-A9DA-B0D03BEDEA61} = {3FA2DCF8-3710-4588-8E67-5356AAEDC660}
		{ED9196F8-3B69-4A3B-9D06-87B6579545A1} = {35D1B094-DCFD-49CE-9254-CF168224CC17}
		{48558544-BA0B-4F78-9CB1-5B7939706994} = {35D1B094-DCFD-49CE-9254-CF168224CC17}
	EndGlobalSection
EndGlobal
