
Microsoft Visual Studio Solution File, Format Version 12.00
Project("{2150E333-8FDC-42A3-9474-1A3956D46DE8}") = "src", "src", "{03A8CC28-E10A-4153-9189-E9751F778374}"
EndProject
Project("{2150E333-8FDC-42A3-9474-1A3956D46DE8}") = "tests", "tests", "{687A2B09-9B05-425F-A98C-37CE0DBDD86B}"
EndProject
Project("{2150E333-8FDC-42A3-9474-1A3956D46DE8}") = "core", "core", "{61B21039-61ED-4E50-9D75-0A5A94DED6A8}"
EndProject
Project("{2150E333-8FDC-42A3-9474-1A3956D46DE8}") = "external", "external", "{8A8D6B72-E562-443E-B1BE-1D930A5AE653}"
EndProject
Project("{FAE04EC0-301F-11D3-BF4B-00C04F79EFBC}") = "Domain", "src\core\Domain\Domain.csproj", "{97849481-F345-4618-9155-668704D163FB}"
EndProject
Project("{FAE04EC0-301F-11D3-BF4B-00C04F79EFBC}") = "Application", "src\core\Application\Application.csproj", "{801A6BEC-DC9B-4ADD-95F1-CE95F32B4E07}"
EndProject
Project("{FAE04EC0-301F-11D3-BF4B-00C04F79EFBC}") = "Infrastructure", "src\external\Infrastructure\Infrastructure.csproj", "{D0B5DD89-AF01-459E-9233-CAB38598C1EE}"
EndProject
Project("{FAE04EC0-301F-11D3-BF4B-00C04F79EFBC}") = "Migrations", "src\external\Migrations\Migrations.csproj", "{DF8F1BCB-DA6B-44C3-B69B-47419B1509EE}"
EndProject
Project("{FAE04EC0-301F-11D3-BF4B-00C04F79EFBC}") = "IntegrationTests", "test\IntegrationTests\IntegrationTests.csproj", "{461EBDB6-A374-446E-A55C-D7CF7E8CDDEF}"
EndProject
Project("{FAE04EC0-301F-11D3-BF4B-00C04F79EFBC}") = "UnitTests", "test\UnitTests\UnitTests.csproj", "{106CB9FC-B5E7-4416-B071-0A8F63ECCFA4}"
EndProject
Project("{FAE04EC0-301F-11D3-BF4B-00C04F79EFBC}") = "Presentation", "src\external\Presentation\Presentation.csproj", "{A99C9188-9F2F-4200-9827-41774F5D240B}"
EndProject
Global
	GlobalSection(SolutionConfigurationPlatforms) = preSolution
		Debug|Any CPU = Debug|Any CPU
		Release|Any CPU = Release|Any CPU
	EndGlobalSection
	GlobalSection(NestedProjects) = preSolution
		{61B21039-61ED-4E50-9D75-0A5A94DED6A8} = {03A8CC28-E10A-4153-9189-E9751F778374}
		{8A8D6B72-E562-443E-B1BE-1D930A5AE653} = {03A8CC28-E10A-4153-9189-E9751F778374}
		{97849481-F345-4618-9155-668704D163FB} = {61B21039-61ED-4E50-9D75-0A5A94DED6A8}
		{801A6BEC-DC9B-4ADD-95F1-CE95F32B4E07} = {61B21039-61ED-4E50-9D75-0A5A94DED6A8}
		{D0B5DD89-AF01-459E-9233-CAB38598C1EE} = {8A8D6B72-E562-443E-B1BE-1D930A5AE653}
		{DF8F1BCB-DA6B-44C3-B69B-47419B1509EE} = {8A8D6B72-E562-443E-B1BE-1D930A5AE653}
		{461EBDB6-A374-446E-A55C-D7CF7E8CDDEF} = {687A2B09-9B05-425F-A98C-37CE0DBDD86B}
		{106CB9FC-B5E7-4416-B071-0A8F63ECCFA4} = {687A2B09-9B05-425F-A98C-37CE0DBDD86B}
		{A99C9188-9F2F-4200-9827-41774F5D240B} = {8A8D6B72-E562-443E-B1BE-1D930A5AE653}
	EndGlobalSection
	GlobalSection(ProjectConfigurationPlatforms) = postSolution
		{97849481-F345-4618-9155-668704D163FB}.Debug|Any CPU.ActiveCfg = Debug|Any CPU
		{97849481-F345-4618-9155-668704D163FB}.Debug|Any CPU.Build.0 = Debug|Any CPU
		{97849481-F345-4618-9155-668704D163FB}.Release|Any CPU.ActiveCfg = Release|Any CPU
		{97849481-F345-4618-9155-668704D163FB}.Release|Any CPU.Build.0 = Release|Any CPU
		{801A6BEC-DC9B-4ADD-95F1-CE95F32B4E07}.Debug|Any CPU.ActiveCfg = Debug|Any CPU
		{801A6BEC-DC9B-4ADD-95F1-CE95F32B4E07}.Debug|Any CPU.Build.0 = Debug|Any CPU
		{801A6BEC-DC9B-4ADD-95F1-CE95F32B4E07}.Release|Any CPU.ActiveCfg = Release|Any CPU
		{801A6BEC-DC9B-4ADD-95F1-CE95F32B4E07}.Release|Any CPU.Build.0 = Release|Any CPU
		{D0B5DD89-AF01-459E-9233-CAB38598C1EE}.Debug|Any CPU.ActiveCfg = Debug|Any CPU
		{D0B5DD89-AF01-459E-9233-CAB38598C1EE}.Debug|Any CPU.Build.0 = Debug|Any CPU
		{D0B5DD89-AF01-459E-9233-CAB38598C1EE}.Release|Any CPU.ActiveCfg = Release|Any CPU
		{D0B5DD89-AF01-459E-9233-CAB38598C1EE}.Release|Any CPU.Build.0 = Release|Any CPU
		{DF8F1BCB-DA6B-44C3-B69B-47419B1509EE}.Debug|Any CPU.ActiveCfg = Debug|Any CPU
		{DF8F1BCB-DA6B-44C3-B69B-47419B1509EE}.Debug|Any CPU.Build.0 = Debug|Any CPU
		{DF8F1BCB-DA6B-44C3-B69B-47419B1509EE}.Release|Any CPU.ActiveCfg = Release|Any CPU
		{DF8F1BCB-DA6B-44C3-B69B-47419B1509EE}.Release|Any CPU.Build.0 = Release|Any CPU
		{461EBDB6-A374-446E-A55C-D7CF7E8CDDEF}.Debug|Any CPU.ActiveCfg = Debug|Any CPU
		{461EBDB6-A374-446E-A55C-D7CF7E8CDDEF}.Debug|Any CPU.Build.0 = Debug|Any CPU
		{461EBDB6-A374-446E-A55C-D7CF7E8CDDEF}.Release|Any CPU.ActiveCfg = Release|Any CPU
		{461EBDB6-A374-446E-A55C-D7CF7E8CDDEF}.Release|Any CPU.Build.0 = Release|Any CPU
		{106CB9FC-B5E7-4416-B071-0A8F63ECCFA4}.Debug|Any CPU.ActiveCfg = Debug|Any CPU
		{106CB9FC-B5E7-4416-B071-0A8F63ECCFA4}.Debug|Any CPU.Build.0 = Debug|Any CPU
		{106CB9FC-B5E7-4416-B071-0A8F63ECCFA4}.Release|Any CPU.ActiveCfg = Release|Any CPU
		{106CB9FC-B5E7-4416-B071-0A8F63ECCFA4}.Release|Any CPU.Build.0 = Release|Any CPU
		{A99C9188-9F2F-4200-9827-41774F5D240B}.Debug|Any CPU.ActiveCfg = Debug|Any CPU
		{A99C9188-9F2F-4200-9827-41774F5D240B}.Debug|Any CPU.Build.0 = Debug|Any CPU
		{A99C9188-9F2F-4200-9827-41774F5D240B}.Release|Any CPU.ActiveCfg = Release|Any CPU
		{A99C9188-9F2F-4200-9827-41774F5D240B}.Release|Any CPU.Build.0 = Release|Any CPU
	EndGlobalSection
EndGlobal
