
Microsoft Visual Studio Solution File, Format Version 12.00
Project("{2150E333-8FDC-42A3-9474-1A3956D46DE8}") = "src", "src", "{40032518-2932-44B3-9B6C-0B7B1C1AC1D6}"
EndProject
Project("{2150E333-8FDC-42A3-9474-1A3956D46DE8}") = "test", "test", "{600329D6-F23D-4822-B606-8B030F27132F}"
EndProject
Project("{2150E333-8FDC-42A3-9474-1A3956D46DE8}") = "Core", "Core", "{8C5C8081-7AA1-4C43-9B8B-8F40FA5FA7D4}"
EndProject
Project("{2150E333-8FDC-42A3-9474-1A3956D46DE8}") = "External", "External", "{02ACE83B-EFDC-42F0-B04A-5AA90FDED13E}"
EndProject
Project("{FAE04EC0-301F-11D3-BF4B-00C04F79EFBC}") = "Domain", "src\Core\Domain\Domain.csproj", "{348BCCB0-C235-4D28-B8E3-7419374B4FA5}"
EndProject
Project("{FAE04EC0-301F-11D3-BF4B-00C04F79EFBC}") = "Application", "src\Core\Application\Application.csproj", "{CF3A26E9-4A5E-4F3F-9DB0-3D7EDD885DB6}"
EndProject
Project("{FAE04EC0-301F-11D3-BF4B-00C04F79EFBC}") = "Infrastructure", "src\External\Infrastructure\Infrastructure.csproj", "{E814EFF6-CD73-4BF8-B3E8-D8C1A395E0C8}"
EndProject
Project("{FAE04EC0-301F-11D3-BF4B-00C04F79EFBC}") = "Presentation", "src\External\Presentation\Presentation.csproj", "{724D6B1D-BA1B-4802-9D16-2FDB4CF15B82}"
EndProject
Global
	GlobalSection(SolutionConfigurationPlatforms) = preSolution
		Debug|Any CPU = Debug|Any CPU
		Release|Any CPU = Release|Any CPU
	EndGlobalSection
	GlobalSection(NestedProjects) = preSolution
		{8C5C8081-7AA1-4C43-9B8B-8F40FA5FA7D4} = {40032518-2932-44B3-9B6C-0B7B1C1AC1D6}
		{02ACE83B-EFDC-42F0-B04A-5AA90FDED13E} = {40032518-2932-44B3-9B6C-0B7B1C1AC1D6}
		{348BCCB0-C235-4D28-B8E3-7419374B4FA5} = {8C5C8081-7AA1-4C43-9B8B-8F40FA5FA7D4}
		{CF3A26E9-4A5E-4F3F-9DB0-3D7EDD885DB6} = {8C5C8081-7AA1-4C43-9B8B-8F40FA5FA7D4}
		{E814EFF6-CD73-4BF8-B3E8-D8C1A395E0C8} = {02ACE83B-EFDC-42F0-B04A-5AA90FDED13E}
		{724D6B1D-BA1B-4802-9D16-2FDB4CF15B82} = {02ACE83B-EFDC-42F0-B04A-5AA90FDED13E}
	EndGlobalSection
	GlobalSection(ProjectConfigurationPlatforms) = postSolution
		{348BCCB0-C235-4D28-B8E3-7419374B4FA5}.Debug|Any CPU.ActiveCfg = Debug|Any CPU
		{348BCCB0-C235-4D28-B8E3-7419374B4FA5}.Debug|Any CPU.Build.0 = Debug|Any CPU
		{348BCCB0-C235-4D28-B8E3-7419374B4FA5}.Release|Any CPU.ActiveCfg = Release|Any CPU
		{348BCCB0-C235-4D28-B8E3-7419374B4FA5}.Release|Any CPU.Build.0 = Release|Any CPU
		{CF3A26E9-4A5E-4F3F-9DB0-3D7EDD885DB6}.Debug|Any CPU.ActiveCfg = Debug|Any CPU
		{CF3A26E9-4A5E-4F3F-9DB0-3D7EDD885DB6}.Debug|Any CPU.Build.0 = Debug|Any CPU
		{CF3A26E9-4A5E-4F3F-9DB0-3D7EDD885DB6}.Release|Any CPU.ActiveCfg = Release|Any CPU
		{CF3A26E9-4A5E-4F3F-9DB0-3D7EDD885DB6}.Release|Any CPU.Build.0 = Release|Any CPU
		{E814EFF6-CD73-4BF8-B3E8-D8C1A395E0C8}.Debug|Any CPU.ActiveCfg = Debug|Any CPU
		{E814EFF6-CD73-4BF8-B3E8-D8C1A395E0C8}.Debug|Any CPU.Build.0 = Debug|Any CPU
		{E814EFF6-CD73-4BF8-B3E8-D8C1A395E0C8}.Release|Any CPU.ActiveCfg = Release|Any CPU
		{E814EFF6-CD73-4BF8-B3E8-D8C1A395E0C8}.Release|Any CPU.Build.0 = Release|Any CPU
		{724D6B1D-BA1B-4802-9D16-2FDB4CF15B82}.Debug|Any CPU.ActiveCfg = Debug|Any CPU
		{724D6B1D-BA1B-4802-9D16-2FDB4CF15B82}.Debug|Any CPU.Build.0 = Debug|Any CPU
		{724D6B1D-BA1B-4802-9D16-2FDB4CF15B82}.Release|Any CPU.ActiveCfg = Release|Any CPU
		{724D6B1D-BA1B-4802-9D16-2FDB4CF15B82}.Release|Any CPU.Build.0 = Release|Any CPU
	EndGlobalSection
EndGlobal
